
Microsoft Visual Studio Solution File, Format Version 12.00
# Visual Studio Version 17
VisualStudioVersion = 17.6.33829.357
MinimumVisualStudioVersion = 10.0.40219.1
Project("{9A19103F-16F7-4668-BE54-9A1E7A4F7556}") = "Projeto_Integrador", "Projeto_Integrador\Projeto_Integrador.csproj", "{AD4F09F0-E5AA-4EA1-ADD9-E8FD408DCDCA}"
EndProject
Project("{9A19103F-16F7-4668-BE54-9A1E7A4F7556}") = "Projeto_Integrador.Models", "Projeto_Integrador.Models\Projeto_Integrador.Models.csproj", "{E7284F82-629F-4654-8FF3-DFF37468C1EA}"
EndProject
Global
	GlobalSection(SolutionConfigurationPlatforms) = preSolution
		Debug|Any CPU = Debug|Any CPU
		Release|Any CPU = Release|Any CPU
	EndGlobalSection
	GlobalSection(ProjectConfigurationPlatforms) = postSolution
		{AD4F09F0-E5AA-4EA1-ADD9-E8FD408DCDCA}.Debug|Any CPU.ActiveCfg = Debug|Any CPU
		{AD4F09F0-E5AA-4EA1-ADD9-E8FD408DCDCA}.Debug|Any CPU.Build.0 = Debug|Any CPU
		{AD4F09F0-E5AA-4EA1-ADD9-E8FD408DCDCA}.Release|Any CPU.ActiveCfg = Release|Any CPU
		{AD4F09F0-E5AA-4EA1-ADD9-E8FD408DCDCA}.Release|Any CPU.Build.0 = Release|Any CPU
		{E7284F82-629F-4654-8FF3-DFF37468C1EA}.Debug|Any CPU.ActiveCfg = Debug|Any CPU
		{E7284F82-629F-4654-8FF3-DFF37468C1EA}.Debug|Any CPU.Build.0 = Debug|Any CPU
		{E7284F82-629F-4654-8FF3-DFF37468C1EA}.Release|Any CPU.ActiveCfg = Release|Any CPU
		{E7284F82-629F-4654-8FF3-DFF37468C1EA}.Release|Any CPU.Build.0 = Release|Any CPU
	EndGlobalSection
	GlobalSection(SolutionProperties) = preSolution
		HideSolutionNode = FALSE
	EndGlobalSection
	GlobalSection(ExtensibilityGlobals) = postSolution
		SolutionGuid = {2E63425B-3495-4624-9D54-63BDE2084F2B}
	EndGlobalSection
EndGlobal
